
Microsoft Visual Studio Solution File, Format Version 12.00
# Visual Studio Version 16
VisualStudioVersion = 16.0.29911.84
MinimumVisualStudioVersion = 10.0.40219.1
Project("{FAE04EC0-301F-11D3-BF4B-00C04F79EFBC}") = "VaR", "VaR\VaR.csproj", "{1FEC70B5-4371-4208-89D2-11BA1EA1C0E1}"
EndProject
Global
	GlobalSection(SolutionConfigurationPlatforms) = preSolution
		Debug|Any CPU = Debug|Any CPU
		Release|Any CPU = Release|Any CPU
	EndGlobalSection
	GlobalSection(ProjectConfigurationPlatforms) = postSolution
		{1FEC70B5-4371-4208-89D2-11BA1EA1C0E1}.Debug|Any CPU.ActiveCfg = Debug|Any CPU
		{1FEC70B5-4371-4208-89D2-11BA1EA1C0E1}.Debug|Any CPU.Build.0 = Debug|Any CPU
		{1FEC70B5-4371-4208-89D2-11BA1EA1C0E1}.Release|Any CPU.ActiveCfg = Release|Any CPU
		{1FEC70B5-4371-4208-89D2-11BA1EA1C0E1}.Release|Any CPU.Build.0 = Release|Any CPU
	EndGlobalSection
	GlobalSection(SolutionProperties) = preSolution
		HideSolutionNode = FALSE
	EndGlobalSection
	GlobalSection(ExtensibilityGlobals) = postSolution
		SolutionGuid = {DB471F83-CF74-4D12-8744-FE022D325939}
	EndGlobalSection
EndGlobal
